Microsoft Visual Studio Solution File, Format Version 12.00
# Visual Studio Version 17
VisualStudioVersion = 17.0.32014.148
MinimumVisualStudioVersion = 10.0.40219.1
Project("{8BC9CEB8-8B4A-11D0-8D11-00A0C91BC942}") = "OPCClientToolKit", "OPCClientToolKit\OPCClientToolKit.vcxproj", "{169E1B60-878B-4237-95FF-065DD5F36180}"
EndProject
Global
	GlobalSection(SolutionConfigurationPlatforms) = preSolution
		Debug|Win32 = Debug|Win32
		Debug|x64 = Debug|x64
		Release|Win32 = Release|Win32
		Release|x64 = Release|x64
	EndGlobalSection
	GlobalSection(ProjectConfigurationPlatforms) = postSolution
		{169E1B60-878B-4237-95FF-065DD5F36180}.Debug|Win32.ActiveCfg = Debug|Win32
		{169E1B60-878B-4237-95FF-065DD5F36180}.Debug|Win32.Build.0 = Debug|Win32
		{169E1B60-878B-4237-95FF-065DD5F36180}.Debug|x64.ActiveCfg = Debug|x64
		{169E1B60-878B-4237-95FF-065DD5F36180}.Debug|x64.Build.0 = Debug|x64
		{169E1B60-878B-4237-95FF-065DD5F36180}.Release|Win32.ActiveCfg = Release|Win32
		{169E1B60-878B-4237-95FF-065DD5F36180}.Release|Win32.Build.0 = Release|Win32
		{169E1B60-878B-4237-95FF-065DD5F36180}.Release|x64.ActiveCfg = Release|x64
		{169E1B60-878B-4237-95FF-065DD5F36180}.Release|x64.Build.0 = Release|x64
	EndGlobalSection
	GlobalSection(SolutionProperties) = preSolution
		HideSolutionNode = FALSE
	EndGlobalSection
	GlobalSection(ExtensibilityGlobals) = postSolution
		SolutionGuid = {FAA4E319-F984-48C0-9A7F-DFE7E080B4B9}
	EndGlobalSection
EndGlobal
